
Microsoft Visual Studio Solution File, Format Version 12.00
# Visual Studio 2012
Project("{FAE04EC0-301F-11D3-BF4B-00C04F79EFBC}") = "xrm", "xrm\xrm.csproj", "{D0AA941B-87F9-48FF-B15E-E14C225F75CA}"
EndProject
Project("{FAE04EC0-301F-11D3-BF4B-00C04F79EFBC}") = "Xrm.Tests", "Xrm.Tests\Xrm.Tests.csproj", "{35A27080-45D4-4FCE-91EB-F80A56A9EFA9}"
EndProject
Project("{2150E333-8FDC-42A3-9474-1A3956D46DE8}") = ".nuget", ".nuget", "{56AC7246-54CC-49F9-9635-BB9B53D429CD}"
	ProjectSection(SolutionItems) = preProject
		.nuget\NuGet.Config = .nuget\NuGet.Config
		.nuget\NuGet.exe = .nuget\NuGet.exe
		.nuget\NuGet.targets = .nuget\NuGet.targets
	EndProjectSection
EndProject
Global
	GlobalSection(SolutionConfigurationPlatforms) = preSolution
		Debug|Any CPU = Debug|Any CPU
		Release|Any CPU = Release|Any CPU
	EndGlobalSection
	GlobalSection(ProjectConfigurationPlatforms) = postSolution
		{D0AA941B-87F9-48FF-B15E-E14C225F75CA}.Debug|Any CPU.ActiveCfg = Debug|Any CPU
		{D0AA941B-87F9-48FF-B15E-E14C225F75CA}.Debug|Any CPU.Build.0 = Debug|Any CPU
		{D0AA941B-87F9-48FF-B15E-E14C225F75CA}.Release|Any CPU.ActiveCfg = Release|Any CPU
		{D0AA941B-87F9-48FF-B15E-E14C225F75CA}.Release|Any CPU.Build.0 = Release|Any CPU
		{35A27080-45D4-4FCE-91EB-F80A56A9EFA9}.Debug|Any CPU.ActiveCfg = Debug|Any CPU
		{35A27080-45D4-4FCE-91EB-F80A56A9EFA9}.Debug|Any CPU.Build.0 = Debug|Any CPU
		{35A27080-45D4-4FCE-91EB-F80A56A9EFA9}.Release|Any CPU.ActiveCfg = Release|Any CPU
		{35A27080-45D4-4FCE-91EB-F80A56A9EFA9}.Release|Any CPU.Build.0 = Release|Any CPU
	EndGlobalSection
	GlobalSection(SolutionProperties) = preSolution
		HideSolutionNode = FALSE
	EndGlobalSection
EndGlobal
